
Microsoft Visual Studio Solution File, Format Version 12.00
# Visual Studio 15
VisualStudioVersion = 15.0.27703.2035
MinimumVisualStudioVersion = 10.0.40219.1
Project("{FAE04EC0-301F-11D3-BF4B-00C04F79EFBC}") = "Spaceships", "Spaceships\Spaceships.csproj", "{9C885741-7F89-4B53-828D-F5A187E158C0}"
EndProject
Project("{FAE04EC0-301F-11D3-BF4B-00C04F79EFBC}") = "SpaceshipsTests", "SpaceshipsTests\SpaceshipsTests.csproj", "{102715DD-1F3B-49BB-97AA-CC25FF935180}"
EndProject
Global
	GlobalSection(SolutionConfigurationPlatforms) = preSolution
		Debug|Any CPU = Debug|Any CPU
		Release|Any CPU = Release|Any CPU
	EndGlobalSection
	GlobalSection(ProjectConfigurationPlatforms) = postSolution
		{9C885741-7F89-4B53-828D-F5A187E158C0}.Debug|Any CPU.ActiveCfg = Debug|Any CPU
		{9C885741-7F89-4B53-828D-F5A187E158C0}.Debug|Any CPU.Build.0 = Debug|Any CPU
		{9C885741-7F89-4B53-828D-F5A187E158C0}.Release|Any CPU.ActiveCfg = Release|Any CPU
		{9C885741-7F89-4B53-828D-F5A187E158C0}.Release|Any CPU.Build.0 = Release|Any CPU
		{102715DD-1F3B-49BB-97AA-CC25FF935180}.Debug|Any CPU.ActiveCfg = Debug|Any CPU
		{102715DD-1F3B-49BB-97AA-CC25FF935180}.Debug|Any CPU.Build.0 = Debug|Any CPU
		{102715DD-1F3B-49BB-97AA-CC25FF935180}.Release|Any CPU.ActiveCfg = Release|Any CPU
		{102715DD-1F3B-49BB-97AA-CC25FF935180}.Release|Any CPU.Build.0 = Release|Any CPU
	EndGlobalSection
	GlobalSection(SolutionProperties) = preSolution
		HideSolutionNode = FALSE
	EndGlobalSection
	GlobalSection(ExtensibilityGlobals) = postSolution
		SolutionGuid = {96401119-F17D-439C-8F22-06AEDF68C4E2}
	EndGlobalSection
EndGlobal
